// !$*UTF8*$!
{
	archiveVersion = 1;
	classes = {
	};
	objectVersion = 56;
	objects = {

/* Begin PBXBuildFile section */
		E990AC092B5F2ED60044A4E5 /* AppDelegate.swift in Sources */ = {isa = PBXBuildFile; fileRef = E990AC082B5F2ED60044A4E5 /* AppDelegate.swift */; };
		E990AC0B2B5F2ED60044A4E5 /* SceneDelegate.swift in Sources */ = {isa = PBXBuildFile; fileRef = E990AC0A2B5F2ED60044A4E5 /* SceneDelegate.swift */; };
		E990AC0D2B5F2ED60044A4E5 /* ViewController.swift in Sources */ = {isa = PBXBuildFile; fileRef = E990AC0C2B5F2ED60044A4E5 /* ViewController.swift */; };
		E990AC102B5F2ED60044A4E5 /* Main.storyboard in Resources */ = {isa = PBXBuildFile; fileRef = E990AC0E2B5F2ED60044A4E5 /* Main.storyboard */; };
		E990AC122B5F2ED80044A4E5 /* Assets.xcassets in Resources */ = {isa = PBXBuildFile; fileRef = E990AC112B5F2ED80044A4E5 /* Assets.xcassets */; };
		E990AC152B5F2ED80044A4E5 /* LaunchScreen.storyboard in Resources */ = {isa = PBXBuildFile; fileRef = E990AC132B5F2ED80044A4E5 /* LaunchScreen.storyboard */; };
		E990AC202B5F2ED80044A4E5 /* FormTests.swift in Sources */ = {isa = PBXBuildFile; fileRef = E990AC1F2B5F2ED80044A4E5 /* FormTests.swift */; };
		E990AC2A2B5F2ED80044A4E5 /* FormUITests.swift in Sources */ = {isa = PBXBuildFile; fileRef = E990AC292B5F2ED80044A4E5 /* FormUITests.swift */; };
		E990AC2C2B5F2ED80044A4E5 /* FormUITestsLaunchTests.swift in Sources */ = {isa = PBXBuildFile; fileRef = E990AC2B2B5F2ED80044A4E5 /* FormUITestsLaunchTests.swift */; };
/* End PBXBuildFile section */

/* Begin PBXContainerItemProxy section */
		E990AC1C2B5F2ED80044A4E5 /* PBXContainerItemProxy */ = {
			isa = PBXContainerItemProxy;
			containerPortal = E990ABFD2B5F2ED60044A4E5 /* Project object */;
			proxyType = 1;
			remoteGlobalIDString = E990AC042B5F2ED60044A4E5;
			remoteInfo = Form;
		};
		E990AC262B5F2ED80044A4E5 /* PBXContainerItemProxy */ = {
			isa = PBXContainerItemProxy;
			containerPortal = E990ABFD2B5F2ED60044A4E5 /* Project object */;
			proxyType = 1;
			remoteGlobalIDString = E990AC042B5F2ED60044A4E5;
			remoteInfo = Form;
		};
/* End PBXContainerItemProxy section */

/* Begin PBXFileReference section */
		E990AC052B5F2ED60044A4E5 /* Form.app */ = {isa = PBXFileReference; explicitFileType = wrapper.application; includeInIndex = 0; path = Form.app; sourceTree = BUILT_PRODUCTS_DIR; };
		E990AC082B5F2ED60044A4E5 /* AppDelegate.swift */ = {isa = PBXFileReference; lastKnownFileType = sourcecode.swift; path = AppDelegate.swift; sourceTree = "<group>"; };
		E990AC0A2B5F2ED60044A4E5 /* SceneDelegate.swift */ = {isa = PBXFileReference; lastKnownFileType = sourcecode.swift; path = SceneDelegate.swift; sourceTree = "<group>"; };
		E990AC0C2B5F2ED60044A4E5 /* ViewController.swift */ = {isa = PBXFileReference; lastKnownFileType = sourcecode.swift; path = ViewController.swift; sourceTree = "<group>"; };
		E990AC0F2B5F2ED60044A4E5 /* Base */ = {isa = PBXFileReference; lastKnownFileType = file.storyboard; name = Base; path = Base.lproj/Main.storyboard; sourceTree = "<group>"; };
		E990AC112B5F2ED80044A4E5 /* Assets.xcassets */ = {isa = PBXFileReference; lastKnownFileType = folder.assetcatalog; path = Assets.xcassets; sourceTree = "<group>"; };
		E990AC142B5F2ED80044A4E5 /* Base */ = {isa = PBXFileReference; lastKnownFileType = file.storyboard; name = Base; path = Base.lproj/LaunchScreen.storyboard; sourceTree = "<group>"; };
		E990AC162B5F2ED80044A4E5 /* Info.plist */ = {isa = PBXFileReference; lastKnownFileType = text.plist.xml; path = Info.plist; sourceTree = "<group>"; };
		E990AC1B2B5F2ED80044A4E5 /* FormTests.xctest */ = {isa = PBXFileReference; explicitFileType = wrapper.cfbundle; includeInIndex = 0; path = FormTests.xctest; sourceTree = BUILT_PRODUCTS_DIR; };
		E990AC1F2B5F2ED80044A4E5 /* FormTests.swift */ = {isa = PBXFileReference; lastKnownFileType = sourcecode.swift; path = FormTests.swift; sourceTree = "<group>"; };
		E990AC252B5F2ED80044A4E5 /* FormUITests.xctest */ = {isa = PBXFileReference; explicitFileType = wrapper.cfbundle; includeInIndex = 0; path = FormUITests.xctest; sourceTree = BUILT_PRODUCTS_DIR; };
		E990AC292B5F2ED80044A4E5 /* FormUITests.swift */ = {isa = PBXFileReference; lastKnownFileType = sourcecode.swift; path = FormUITests.swift; sourceTree = "<group>"; };
		E990AC2B2B5F2ED80044A4E5 /* FormUITestsLaunchTests.swift */ = {isa = PBXFileReference; lastKnownFileType = sourcecode.swift; path = FormUITestsLaunchTests.swift; sourceTree = "<group>"; };
/* End PBXFileReference section */

/* Begin PBXFrameworksBuildPhase section */
		E990AC022B5F2ED60044A4E5 /* Frameworks */ = {
			isa = PBXFrameworksBuildPhase;
			buildActionMask = 2147483647;
			files = (
			);
			runOnlyForDeploymentPostprocessing = 0;
		};
		E990AC182B5F2ED80044A4E5 /* Frameworks */ = {
			isa = PBXFrameworksBuildPhase;
			buildActionMask = 2147483647;
			files = (
			);
			runOnlyForDeploymentPostprocessing = 0;
		};
		E990AC222B5F2ED80044A4E5 /* Frameworks */ = {
			isa = PBXFrameworksBuildPhase;
			buildActionMask = 2147483647;
			files = (
			);
			runOnlyForDeploymentPostprocessing = 0;
		};
/* End PBXFrameworksBuildPhase section */

/* Begin PBXGroup section */
		E990ABFC2B5F2ED60044A4E5 = {
			isa = PBXGroup;
			children = (
				E990AC072B5F2ED60044A4E5 /* Form */,
				E990AC1E2B5F2ED80044A4E5 /* FormTests */,
				E990AC282B5F2ED80044A4E5 /* FormUITests */,
				E990AC062B5F2ED60044A4E5 /* Products */,
			);
			sourceTree = "<group>";
		};
		E990AC062B5F2ED60044A4E5 /* Products */ = {
			isa = PBXGroup;
			children = (
				E990AC052B5F2ED60044A4E5 /* Form.app */,
				E990AC1B2B5F2ED80044A4E5 /* FormTests.xctest */,
				E990AC252B5F2ED80044A4E5 /* FormUITests.xctest */,
			);
			name = Products;
			sourceTree = "<group>";
		};
		E990AC072B5F2ED60044A4E5 /* Form */ = {
			isa = PBXGroup;
			children = (
				E990AC082B5F2ED60044A4E5 /* AppDelegate.swift */,
				E990AC0A2B5F2ED60044A4E5 /* SceneDelegate.swift */,
				E990AC0C2B5F2ED60044A4E5 /* ViewController.swift */,
				E990AC0E2B5F2ED60044A4E5 /* Main.storyboard */,
				E990AC112B5F2ED80044A4E5 /* Assets.xcassets */,
				E990AC132B5F2ED80044A4E5 /* LaunchScreen.storyboard */,
				E990AC162B5F2ED80044A4E5 /* Info.plist */,
			);
			path = Form;
			sourceTree = "<group>";
		};
		E990AC1E2B5F2ED80044A4E5 /* FormTests */ = {
			isa = PBXGroup;
			children = (
				E990AC1F2B5F2ED80044A4E5 /* FormTests.swift */,
			);
			path = FormTests;
			sourceTree = "<group>";
		};
		E990AC282B5F2ED80044A4E5 /* FormUITests */ = {
			isa = PBXGroup;
			children = (
				E990AC292B5F2ED80044A4E5 /* FormUITests.swift */,
				E990AC2B2B5F2ED80044A4E5 /* FormUITestsLaunchTests.swift */,
			);
			path = FormUITests;
			sourceTree = "<group>";
		};
/* End PBXGroup section */

/* Begin PBXNativeTarget section */
		E990AC042B5F2ED60044A4E5 /* Form */ = {
			isa = PBXNativeTarget;
			buildConfigurationList = E990AC2F2B5F2ED80044A4E5 /* Build configuration list for PBXNativeTarget "Form" */;
			buildPhases = (
				E990AC012B5F2ED60044A4E5 /* Sources */,
				E990AC022B5F2ED60044A4E5 /* Frameworks */,
				E990AC032B5F2ED60044A4E5 /* Resources */,
			);
			buildRules = (
			);
			dependencies = (
			);
			name = Form;
			productName = Form;
			productReference = E990AC052B5F2ED60044A4E5 /* Form.app */;
			productType = "com.apple.product-type.application";
		};
		E990AC1A2B5F2ED80044A4E5 /* FormTests */ = {
			isa = PBXNativeTarget;
			buildConfigurationList = E990AC322B5F2ED80044A4E5 /* Build configuration list for PBXNativeTarget "FormTests" */;
			buildPhases = (
				E990AC172B5F2ED80044A4E5 /* Sources */,
				E990AC182B5F2ED80044A4E5 /* Frameworks */,
				E990AC192B5F2ED80044A4E5 /* Resources */,
			);
			buildRules = (
			);
			dependencies = (
				E990AC1D2B5F2ED80044A4E5 /* PBXTargetDependency */,
			);
			name = FormTests;
			productName = FormTests;
			productReference = E990AC1B2B5F2ED80044A4E5 /* FormTests.xctest */;
			productType = "com.apple.product-type.bundle.unit-test";
		};
		E990AC242B5F2ED80044A4E5 /* FormUITests */ = {
			isa = PBXNativeTarget;
			buildConfigurationList = E990AC352B5F2ED80044A4E5 /* Build configuration list for PBXNativeTarget "FormUITests" */;
			buildPhases = (
				E990AC212B5F2ED80044A4E5 /* Sources */,
				E990AC222B5F2ED80044A4E5 /* Frameworks */,
				E990AC232B5F2ED80044A4E5 /* Resources */,
			);
			buildRules = (
			);
			dependencies = (
				E990AC272B5F2ED80044A4E5 /* PBXTargetDependency */,
			);
			name = FormUITests;
			productName = FormUITests;
			productReference = E990AC252B5F2ED80044A4E5 /* FormUITests.xctest */;
			productType = "com.apple.product-type.bundle.ui-testing";
		};
/* End PBXNativeTarget section */

/* Begin PBXProject section */
		E990ABFD2B5F2ED60044A4E5 /* Project object */ = {
			isa = PBXProject;
			attributes = {
				BuildIndependentTargetsInParallel = 1;
				LastSwiftUpdateCheck = 1520;
				LastUpgradeCheck = 1520;
				TargetAttributes = {
					E990AC042B5F2ED60044A4E5 = {
						CreatedOnToolsVersion = 15.2;
					};
					E990AC1A2B5F2ED80044A4E5 = {
						CreatedOnToolsVersion = 15.2;
						TestTargetID = E990AC042B5F2ED60044A4E5;
					};
					E990AC242B5F2ED80044A4E5 = {
						CreatedOnToolsVersion = 15.2;
						TestTargetID = E990AC042B5F2ED60044A4E5;
					};
				};
			};
			buildConfigurationList = E990AC002B5F2ED60044A4E5 /* Build configuration list for PBXProject "Form" */;
			compatibilityVersion = "Xcode 14.0";
			developmentRegion = en;
			hasScannedForEncodings = 0;
			knownRegions = (
				en,
				Base,
			);
			mainGroup = E990ABFC2B5F2ED60044A4E5;
			productRefGroup = E990AC062B5F2ED60044A4E5 /* Products */;
			projectDirPath = "";
			projectRoot = "";
			targets = (
				E990AC042B5F2ED60044A4E5 /* Form */,
				E990AC1A2B5F2ED80044A4E5 /* FormTests */,
				E990AC242B5F2ED80044A4E5 /* FormUITests */,
			);
		};
/* End PBXProject section */

/* Begin PBXResourcesBuildPhase section */
		E990AC032B5F2ED60044A4E5 /* Resources */ = {
			isa = PBXResourcesBuildPhase;
			buildActionMask = 2147483647;
			files = (
				E990AC152B5F2ED80044A4E5 /* LaunchScreen.storyboard in Resources */,
				E990AC122B5F2ED80044A4E5 /* Assets.xcassets in Resources */,
				E990AC102B5F2ED60044A4E5 /* Main.storyboard in Resources */,
			);
			runOnlyForDeploymentPostprocessing = 0;
		};
		E990AC192B5F2ED80044A4E5 /* Resources */ = {
			isa = PBXResourcesBuildPhase;
			buildActionMask = 2147483647;
			files = (
			);
			runOnlyForDeploymentPostprocessing = 0;
		};
		E990AC232B5F2ED80044A4E5 /* Resources */ = {
			isa = PBXResourcesBuildPhase;
			buildActionMask = 2147483647;
			files = (
			);
			runOnlyForDeploymentPostprocessing = 0;
		};
/* End PBXResourcesBuildPhase section */

/* Begin PBXSourcesBuildPhase section */
		E990AC012B5F2ED60044A4E5 /* Sources */ = {
			isa = PBXSourcesBuildPhase;
			buildActionMask = 2147483647;
			files = (
				E990AC0D2B5F2ED60044A4E5 /* ViewController.swift in Sources */,
				E990AC092B5F2ED60044A4E5 /* AppDelegate.swift in Sources */,
				E990AC0B2B5F2ED60044A4E5 /* SceneDelegate.swift in Sources */,
			);
			runOnlyForDeploymentPostprocessing = 0;
		};
		E990AC172B5F2ED80044A4E5 /* Sources */ = {
			isa = PBXSourcesBuildPhase;
			buildActionMask = 2147483647;
			files = (
				E990AC202B5F2ED80044A4E5 /* FormTests.swift in Sources */,
			);
			runOnlyForDeploymentPostprocessing = 0;
		};
		E990AC212B5F2ED80044A4E5 /* Sources */ = {
			isa = PBXSourcesBuildPhase;
			buildActionMask = 2147483647;
			files = (
				E990AC2C2B5F2ED80044A4E5 /* FormUITestsLaunchTests.swift in Sources */,
				E990AC2A2B5F2ED80044A4E5 /* FormUITests.swift in Sources */,
			);
			runOnlyForDeploymentPostprocessing = 0;
		};
/* End PBXSourcesBuildPhase section */

/* Begin PBXTargetDependency section */
		E990AC1D2B5F2ED80044A4E5 /* PBXTargetDependency */ = {
			isa = PBXTargetDependency;
			target = E990AC042B5F2ED60044A4E5 /* Form */;
			targetProxy = E990AC1C2B5F2ED80044A4E5 /* PBXContainerItemProxy */;
		};
		E990AC272B5F2ED80044A4E5 /* PBXTargetDependency */ = {
			isa = PBXTargetDependency;
			target = E990AC042B5F2ED60044A4E5 /* Form */;
			targetProxy = E990AC262B5F2ED80044A4E5 /* PBXContainerItemProxy */;
		};
/* End PBXTargetDependency section */

/* Begin PBXVariantGroup section */
		E990AC0E2B5F2ED60044A4E5 /* Main.storyboard */ = {
			isa = PBXVariantGroup;
			children = (
				E990AC0F2B5F2ED60044A4E5 /* Base */,
			);
			name = Main.storyboard;
			sourceTree = "<group>";
		};
		E990AC132B5F2ED80044A4E5 /* LaunchScreen.storyboard */ = {
			isa = PBXVariantGroup;
			children = (
				E990AC142B5F2ED80044A4E5 /* Base */,
			);
			name = LaunchScreen.storyboard;
			sourceTree = "<group>";
		};
/* End PBXVariantGroup section */

/* Begin XCBuildConfiguration section */
		E990AC2D2B5F2ED80044A4E5 /* Debug */ = {
			isa = XCBuildConfiguration;
			buildSettings = {
				ALWAYS_SEARCH_USER_PATHS = NO;
				ASSETCATALOG_COMPILER_GENERATE_SWIFT_ASSET_SYMBOL_EXTENSIONS = YES;
				CLANG_ANALYZER_NONNULL = YES;
				CLANG_ANALYZER_NUMBER_OBJECT_CONVERSION = YES_AGGRESSIVE;
				CLANG_CXX_LANGUAGE_STANDARD = "gnu++20";
				CLANG_ENABLE_MODULES = YES;
				CLANG_ENABLE_OBJC_ARC = YES;
				CLANG_ENABLE_OBJC_WEAK = YES;
				CLANG_WARN_BLOCK_CAPTURE_AUTORELEASING = YES;
				CLANG_WARN_BOOL_CONVERSION = YES;
				CLANG_WARN_COMMA = YES;
				CLANG_WARN_CONSTANT_CONVERSION = YES;
				CLANG_WARN_DEPRECATED_OBJC_IMPLEMENTATIONS = YES;
				CLANG_WARN_DIRECT_OBJC_ISA_USAGE = YES_ERROR;
				CLANG_WARN_DOCUMENTATION_COMMENTS = YES;
				CLANG_WARN_EMPTY_BODY = YES;
				CLANG_WARN_ENUM_CONVERSION = YES;
				CLANG_WARN_INFINITE_RECURSION = YES;
				CLANG_WARN_INT_CONVERSION = YES;
				CLANG_WARN_NON_LITERAL_NULL_CONVERSION = YES;
				CLANG_WARN_OBJC_IMPLICIT_RETAIN_SELF = YES;
				CLANG_WARN_OBJC_LITERAL_CONVERSION = YES;
				CLANG_WARN_OBJC_ROOT_CLASS = YES_ERROR;
				CLANG_WARN_QUOTED_INCLUDE_IN_FRAMEWORK_HEADER = YES;
				CLANG_WARN_RANGE_LOOP_ANALYSIS = YES;
				CLANG_WARN_STRICT_PROTOTYPES = YES;
				CLANG_WARN_SUSPICIOUS_MOVE = YES;
				CLANG_WARN_UNGUARDED_AVAILABILITY = YES_AGGRESSIVE;
				CLANG_WARN_UNREACHABLE_CODE = YES;
				CLANG_WARN__DUPLICATE_METHOD_MATCH = YES;
				COPY_PHASE_STRIP = NO;
				DEBUG_INFORMATION_FORMAT = dwarf;
				ENABLE_STRICT_OBJC_MSGSEND = YES;
				ENABLE_TESTABILITY = YES;
				ENABLE_USER_SCRIPT_SANDBOXING = YES;
				GCC_C_LANGUAGE_STANDARD = gnu17;
				GCC_DYNAMIC_NO_PIC = NO;
				GCC_NO_COMMON_BLOCKS = YES;
				GCC_OPTIMIZATION_LEVEL = 0;
				GCC_PREPROCESSOR_DEFINITIONS = (
					"DEBUG=1",
					"$(inherited)",
				);
				GCC_WARN_64_TO_32_BIT_CONVERSION = YES;
				GCC_WARN_ABOUT_RETURN_TYPE = YES_ERROR;
				GCC_WARN_UNDECLARED_SELECTOR = YES;
				GCC_WARN_UNINITIALIZED_AUTOS = YES_AGGRESSIVE;
				GCC_WARN_UNUSED_FUNCTION = YES;
				GCC_WARN_UNUSED_VARIABLE = YES;
				IPHONEOS_DEPLOYMENT_TARGET = 17.2;
				LOCALIZATION_PREFERS_STRING_CATALOGS = YES;
				MTL_ENABLE_DEBUG_INFO = INCLUDE_SOURCE;
				MTL_FAST_MATH = YES;
				ONLY_ACTIVE_ARCH = YES;
				SDKROOT = iphoneos;
				SWIFT_ACTIVE_COMPILATION_CONDITIONS = "DEBUG $(inherited)";
				SWIFT_OPTIMIZATION_LEVEL = "-Onone";
			};
			name = Debug;
		};
		E990AC2E2B5F2ED80044A4E5 /* Release */ = {
			isa = XCBuildConfiguration;
			buildSettings = {
				ALWAYS_SEARCH_USER_PATHS = NO;
				ASSETCATALOG_COMPILER_GENERATE_SWIFT_ASSET_SYMBOL_EXTENSIONS = YES;
				CLANG_ANALYZER_NONNULL = YES;
				CLANG_ANALYZER_NUMBER_OBJECT_CONVERSION = YES_AGGRESSIVE;
				CLANG_CXX_LANGUAGE_STANDARD = "gnu++20";
				CLANG_ENABLE_MODULES = YES;
				CLANG_ENABLE_OBJC_ARC = YES;
				CLANG_ENABLE_OBJC_WEAK = YES;
				CLANG_WARN_BLOCK_CAPTURE_AUTORELEASING = YES;
				CLANG_WARN_BOOL_CONVERSION = YES;
				CLANG_WARN_COMMA = YES;
				CLANG_WARN_CONSTANT_CONVERSION = YES;
				CLANG_WARN_DEPRECATED_OBJC_IMPLEMENTATIONS = YES;
				CLANG_WARN_DIRECT_OBJC_ISA_USAGE = YES_ERROR;
				CLANG_WARN_DOCUMENTATION_COMMENTS = YES;
				CLANG_WARN_EMPTY_BODY = YES;
				CLANG_WARN_ENUM_CONVERSION = YES;
				CLANG_WARN_INFINITE_RECURSION = YES;
				CLANG_WARN_INT_CONVERSION = YES;
				CLANG_WARN_NON_LITERAL_NULL_CONVERSION = YES;
				CLANG_WARN_OBJC_IMPLICIT_RETAIN_SELF = YES;
				CLANG_WARN_OBJC_LITERAL_CONVERSION = YES;
				CLANG_WARN_OBJC_ROOT_CLASS = YES_ERROR;
				CLANG_WARN_QUOTED_INCLUDE_IN_FRAMEWORK_HEADER = YES;
				CLANG_WARN_RANGE_LOOP_ANALYSIS = YES;
				CLANG_WARN_STRICT_PROTOTYPES = YES;
				CLANG_WARN_SUSPICIOUS_MOVE = YES;
				CLANG_WARN_UNGUARDED_AVAILABILITY = YES_AGGRESSIVE;
				CLANG_WARN_UNREACHABLE_CODE = YES;
				CLANG_WARN__DUPLICATE_METHOD_MATCH = YES;
				COPY_PHASE_STRIP = NO;
				DEBUG_INFORMATION_FORMAT = "dwarf-with-dsym";
				ENABLE_NS_ASSERTIONS = NO;
				ENABLE_STRICT_OBJC_MSGSEND = YES;
				ENABLE_USER_SCRIPT_SANDBOXING = YES;
				GCC_C_LANGUAGE_STANDARD = gnu17;
				GCC_NO_COMMON_BLOCKS = YES;
				GCC_WARN_64_TO_32_BIT_CONVERSION = YES;
				GCC_WARN_ABOUT_RETURN_TYPE = YES_ERROR;
				GCC_WARN_UNDECLARED_SELECTOR = YES;
				GCC_WARN_UNINITIALIZED_AUTOS = YES_AGGRESSIVE;
				GCC_WARN_UNUSED_FUNCTION = YES;
				GCC_WARN_UNUSED_VARIABLE = YES;
				IPHONEOS_DEPLOYMENT_TARGET = 17.2;
				LOCALIZATION_PREFERS_STRING_CATALOGS = YES;
				MTL_ENABLE_DEBUG_INFO = NO;
				MTL_FAST_MATH = YES;
				SDKROOT = iphoneos;
				SWIFT_COMPILATION_MODE = wholemodule;
				VALIDATE_PRODUCT = YES;
			};
			name = Release;
		};
		E990AC302B5F2ED80044A4E5 /* Debug */ = {
			isa = XCBuildConfiguration;
			buildSettings = {
				ASSETCATALOG_COMPILER_APPICON_NAME = AppIcon;
				ASSETCATALOG_COMPILER_GLOBAL_ACCENT_COLOR_NAME = AccentColor;
				CODE_SIGN_STYLE = Automatic;
				CURRENT_PROJECT_VERSION = 1;
				GENERATE_INFOPLIST_FILE = YES;
				INFOPLIST_FILE = Form/Info.plist;
				INFOPLIST_KEY_UIApplicationSupportsIndirectInputEvents = YES;
				INFOPLIST_KEY_UILaunchStoryboardName = LaunchScreen;
				INFOPLIST_KEY_UIMainStoryboardFile = Main;
				INFOPLIST_KEY_UISupportedInterfaceOrientations_iPad = "UIInterfaceOrientationPortrait UIInterfaceOrientationPortraitUpsideDown UIInterfaceOrientationLandscapeLeft UIInterfaceOrientationLandscapeRight";
				INFOPLIST_KEY_UISupportedInterfaceOrientations_iPhone = "UIInterfaceOrientationPortrait UIInterfaceOrientationLandscapeLeft UIInterfaceOrientationLandscapeRight";
				LD_RUNPATH_SEARCH_PATHS = (
					"$(inherited)",
					"@executable_path/Frameworks",
				);
				MARKETING_VERSION = 1.0;
				PRODUCT_BUNDLE_IDENTIFIER = com.seneca.160535217.Form;
				PRODUCT_NAME = "$(TARGET_NAME)";
				SWIFT_EMIT_LOC_STRINGS = YES;
				SWIFT_VERSION = 5.0;
				TARGETED_DEVICE_FAMILY = "1,2";
			};
			name = Debug;
		};
		E990AC312B5F2ED80044A4E5 /* Release */ = {
			isa = XCBuildConfiguration;
			buildSettings = {
				ASSETCATALOG_COMPILER_APPICON_NAME = AppIcon;
				ASSETCATALOG_COMPILER_GLOBAL_ACCENT_COLOR_NAME = AccentColor;
				CODE_SIGN_STYLE = Automatic;
				CURRENT_PROJECT_VERSION = 1;
				GENERATE_INFOPLIST_FILE = YES;
				INFOPLIST_FILE = Form/Info.plist;
				INFOPLIST_KEY_UIApplicationSupportsIndirectInputEvents = YES;
				INFOPLIST_KEY_UILaunchStoryboardName = LaunchScreen;
				INFOPLIST_KEY_UIMainStoryboardFile = Main;
				INFOPLIST_KEY_UISupportedInterfaceOrientations_iPad = "UIInterfaceOrientationPortrait UIInterfaceOrientationPortraitUpsideDown UIInterfaceOrientationLandscapeLeft UIInterfaceOrientationLandscapeRight";
				INFOPLIST_KEY_UISupportedInterfaceOrientations_iPhone = "UIInterfaceOrientationPortrait UIInterfaceOrientationLandscapeLeft UIInterfaceOrientationLandscapeRight";
				LD_RUNPATH_SEARCH_PATHS = (
					"$(inherited)",
					"@executable_path/Frameworks",
				);
				MARKETING_VERSION = 1.0;
				PRODUCT_BUNDLE_IDENTIFIER = com.seneca.160535217.Form;
				PRODUCT_NAME = "$(TARGET_NAME)";
				SWIFT_EMIT_LOC_STRINGS = YES;
				SWIFT_VERSION = 5.0;
				TARGETED_DEVICE_FAMILY = "1,2";
			};
			name = Release;
		};
		E990AC332B5F2ED80044A4E5 /* Debug */ = {
			isa = XCBuildConfiguration;
			buildSettings = {
				ALWAYS_EMBED_SWIFT_STANDARD_LIBRARIES = YES;
				BUNDLE_LOADER = "$(TEST_HOST)";
				CODE_SIGN_STYLE = Automatic;
				CURRENT_PROJECT_VERSION = 1;
				GENERATE_INFOPLIST_FILE = YES;
				IPHONEOS_DEPLOYMENT_TARGET = 17.2;
				MARKETING_VERSION = 1.0;
				PRODUCT_BUNDLE_IDENTIFIER = com.seneca.160535217.FormTests;
				PRODUCT_NAME = "$(TARGET_NAME)";
				SWIFT_EMIT_LOC_STRINGS = NO;
				SWIFT_VERSION = 5.0;
				TARGETED_DEVICE_FAMILY = "1,2";
				TEST_HOST = "$(BUILT_PRODUCTS_DIR)/Form.app/$(BUNDLE_EXECUTABLE_FOLDER_PATH)/Form";
			};
			name = Debug;
		};
		E990AC342B5F2ED80044A4E5 /* Release */ = {
			isa = XCBuildConfiguration;
			buildSettings = {
				ALWAYS_EMBED_SWIFT_STANDARD_LIBRARIES = YES;
				BUNDLE_LOADER = "$(TEST_HOST)";
				CODE_SIGN_STYLE = Automatic;
				CURRENT_PROJECT_VERSION = 1;
				GENERATE_INFOPLIST_FILE = YES;
				IPHONEOS_DEPLOYMENT_TARGET = 17.2;
				MARKETING_VERSION = 1.0;
				PRODUCT_BUNDLE_IDENTIFIER = com.seneca.160535217.FormTests;
				PRODUCT_NAME = "$(TARGET_NAME)";
				SWIFT_EMIT_LOC_STRINGS = NO;
				SWIFT_VERSION = 5.0;
				TARGETED_DEVICE_FAMILY = "1,2";
				TEST_HOST = "$(BUILT_PRODUCTS_DIR)/Form.app/$(BUNDLE_EXECUTABLE_FOLDER_PATH)/Form";
			};
			name = Release;
		};
		E990AC362B5F2ED80044A4E5 /* Debug */ = {
			isa = XCBuildConfiguration;
			buildSettings = {
				ALWAYS_EMBED_SWIFT_STANDARD_LIBRARIES = YES;
				CODE_SIGN_STYLE = Automatic;
				CURRENT_PROJECT_VERSION = 1;
				GENERATE_INFOPLIST_FILE = YES;
				MARKETING_VERSION = 1.0;
				PRODUCT_BUNDLE_IDENTIFIER = com.seneca.160535217.FormUITests;
				PRODUCT_NAME = "$(TARGET_NAME)";
				SWIFT_EMIT_LOC_STRINGS = NO;
				SWIFT_VERSION = 5.0;
				TARGETED_DEVICE_FAMILY = "1,2";
				TEST_TARGET_NAME = Form;
			};
			name = Debug;
		};
		E990AC372B5F2ED80044A4E5 /* Release */ = {
			isa = XCBuildConfiguration;
			buildSettings = {
				ALWAYS_EMBED_SWIFT_STANDARD_LIBRARIES = YES;
				CODE_SIGN_STYLE = Automatic;
				CURRENT_PROJECT_VERSION = 1;
				GENERATE_INFOPLIST_FILE = YES;
				MARKETING_VERSION = 1.0;
				PRODUCT_BUNDLE_IDENTIFIER = com.seneca.160535217.FormUITests;
				PRODUCT_NAME = "$(TARGET_NAME)";
				SWIFT_EMIT_LOC_STRINGS = NO;
				SWIFT_VERSION = 5.0;
				TARGETED_DEVICE_FAMILY = "1,2";
				TEST_TARGET_NAME = Form;
			};
			name = Release;
		};
/* End XCBuildConfiguration section */

/* Begin XCConfigurationList section */
		E990AC002B5F2ED60044A4E5 /* Build configuration list for PBXProject "Form" */ = {
			isa = XCConfigurationList;
			buildConfigurations = (
				E990AC2D2B5F2ED80044A4E5 /* Debug */,
				E990AC2E2B5F2ED80044A4E5 /* Release */,
			);
			defaultConfigurationIsVisible = 0;
			defaultConfigurationName = Release;
		};
		E990AC2F2B5F2ED80044A4E5 /* Build configuration list for PBXNativeTarget "Form" */ = {
			isa = XCConfigurationList;
			buildConfigurations = (
				E990AC302B5F2ED80044A4E5 /* Debug */,
				E990AC312B5F2ED80044A4E5 /* Release */,
			);
			defaultConfigurationIsVisible = 0;
			defaultConfigurationName = Release;
		};
		E990AC322B5F2ED80044A4E5 /* Build configuration list for PBXNativeTarget "FormTests" */ = {
			isa = XCConfigurationList;
			buildConfigurations = (
				E990AC332B5F2ED80044A4E5 /* Debug */,
				E990AC342B5F2ED80044A4E5 /* Release */,
			);
			defaultConfigurationIsVisible = 0;
			defaultConfigurationName = Release;
		};
		E990AC352B5F2ED80044A4E5 /* Build configuration list for PBXNativeTarget "FormUITests" */ = {
			isa = XCConfigurationList;
			buildConfigurations = (
				E990AC362B5F2ED80044A4E5 /* Debug */,
				E990AC372B5F2ED80044A4E5 /* Release */,
			);
			defaultConfigurationIsVisible = 0;
			defaultConfigurationName = Release;
		};
/* End XCConfigurationList section */
	};
	rootObject = E990ABFD2B5F2ED60044A4E5 /* Project object */;
}
